
Microsoft Visual Studio Solution File, Format Version 12.00
# Visual Studio Version 17
VisualStudioVersion = 17.0.32112.339
MinimumVisualStudioVersion = 10.0.40219.1
Project("{9A19103F-16F7-4668-BE54-9A1E7A4F7556}") = "Metotlar", "Metotlar\Metotlar.csproj", "{C9ED5260-4A3D-44E7-9798-DBEC6F81A0B1}"
EndProject
Project("{9A19103F-16F7-4668-BE54-9A1E7A4F7556}") = "DegerVeReferansTipler", "DegerVeReferansTipler\DegerVeReferansTipler.csproj", "{05BC8B47-FC85-47AB-955B-96772D4D001F}"
EndProject
Project("{9A19103F-16F7-4668-BE54-9A1E7A4F7556}") = "OOP1", "OOP1\OOP1.csproj", "{BF679133-34BA-4164-9043-30359239F9FD}"
EndProject
Project("{FAE04EC0-301F-11D3-BF4B-00C04F79EFBC}") = "Koleksiyonlar", "Koleksiyonlar\Koleksiyonlar.csproj", "{893E7B31-8FCF-4EC5-9618-653F3D36D4A8}"
EndProject
Project("{FAE04EC0-301F-11D3-BF4B-00C04F79EFBC}") = "GenericsIntro", "GenericsIntro\GenericsIntro.csproj", "{08C485B2-670E-4267-B577-5CE58FC85250}"
EndProject
Global
	GlobalSection(SolutionConfigurationPlatforms) = preSolution
		Debug|Any CPU = Debug|Any CPU
		Release|Any CPU = Release|Any CPU
	EndGlobalSection
	GlobalSection(ProjectConfigurationPlatforms) = postSolution
		{C9ED5260-4A3D-44E7-9798-DBEC6F81A0B1}.Debug|Any CPU.ActiveCfg = Debug|Any CPU
		{C9ED5260-4A3D-44E7-9798-DBEC6F81A0B1}.Debug|Any CPU.Build.0 = Debug|Any CPU
		{C9ED5260-4A3D-44E7-9798-DBEC6F81A0B1}.Release|Any CPU.ActiveCfg = Release|Any CPU
		{C9ED5260-4A3D-44E7-9798-DBEC6F81A0B1}.Release|Any CPU.Build.0 = Release|Any CPU
		{05BC8B47-FC85-47AB-955B-96772D4D001F}.Debug|Any CPU.ActiveCfg = Debug|Any CPU
		{05BC8B47-FC85-47AB-955B-96772D4D001F}.Debug|Any CPU.Build.0 = Debug|Any CPU
		{05BC8B47-FC85-47AB-955B-96772D4D001F}.Release|Any CPU.ActiveCfg = Release|Any CPU
		{05BC8B47-FC85-47AB-955B-96772D4D001F}.Release|Any CPU.Build.0 = Release|Any CPU
		{BF679133-34BA-4164-9043-30359239F9FD}.Debug|Any CPU.ActiveCfg = Debug|Any CPU
		{BF679133-34BA-4164-9043-30359239F9FD}.Debug|Any CPU.Build.0 = Debug|Any CPU
		{BF679133-34BA-4164-9043-30359239F9FD}.Release|Any CPU.ActiveCfg = Release|Any CPU
		{BF679133-34BA-4164-9043-30359239F9FD}.Release|Any CPU.Build.0 = Release|Any CPU
		{893E7B31-8FCF-4EC5-9618-653F3D36D4A8}.Debug|Any CPU.ActiveCfg = Debug|Any CPU
		{893E7B31-8FCF-4EC5-9618-653F3D36D4A8}.Debug|Any CPU.Build.0 = Debug|Any CPU
		{893E7B31-8FCF-4EC5-9618-653F3D36D4A8}.Release|Any CPU.ActiveCfg = Release|Any CPU
		{893E7B31-8FCF-4EC5-9618-653F3D36D4A8}.Release|Any CPU.Build.0 = Release|Any CPU
		{08C485B2-670E-4267-B577-5CE58FC85250}.Debug|Any CPU.ActiveCfg = Debug|Any CPU
		{08C485B2-670E-4267-B577-5CE58FC85250}.Debug|Any CPU.Build.0 = Debug|Any CPU
		{08C485B2-670E-4267-B577-5CE58FC85250}.Release|Any CPU.ActiveCfg = Release|Any CPU
		{08C485B2-670E-4267-B577-5CE58FC85250}.Release|Any CPU.Build.0 = Release|Any CPU
	EndGlobalSection
	GlobalSection(SolutionProperties) = preSolution
		HideSolutionNode = FALSE
	EndGlobalSection
	GlobalSection(ExtensibilityGlobals) = postSolution
		SolutionGuid = {E3A19B49-CCCF-455A-9216-F15AC1B601FA}
	EndGlobalSection
EndGlobal
